PODS:
  - Flutter (1.0.0)
  - flutter_plugin_ly (0.0.1):
    - Flutter

DEPENDENCIES:
  - Flutter (from `Flutter`)
  - flutter_plugin_ly (from `.symlinks/plugins/flutter_plugin_ly/ios`)

EXTERNAL SOURCES:
  Flutter:
    :path: Flutter
  flutter_plugin_ly:
    :path: ".symlinks/plugins/flutter_plugin_ly/ios"

SPEC CHECKSUMS:
  Flutter: 0e3d915762c693b495b44d77113d4970485de6ec
  flutter_plugin_ly: a67c73135a6b480155df6b121fa9c899adb5d72a

PODFILE CHECKSUM: aafe91acc616949ddb318b77800a7f51bffa2a4c

COCOAPODS: 1.10.0
